
Microsoft Visual Studio Solution File, Format Version 12.00
# Visual Studio 15
VisualStudioVersion = 15.0.27428.2005
MinimumVisualStudioVersion = 10.0.40219.1
Project("{FAE04EC0-301F-11D3-BF4B-00C04F79EFBC}") = "TextAnalyticsConsoleAppDemo", "TextAnalyticsConsoleAppDemo\TextAnalyticsConsoleAppDemo.csproj", "{C64446B7-62CB-4937-B6CD-DA4E5220767E}"
EndProject
Global
	GlobalSection(SolutionConfigurationPlatforms) = preSolution
		Debug|Any CPU = Debug|Any CPU
		Release|Any CPU = Release|Any CPU
	EndGlobalSection
	GlobalSection(ProjectConfigurationPlatforms) = postSolution
		{C64446B7-62CB-4937-B6CD-DA4E5220767E}.Debug|Any CPU.ActiveCfg = Debug|Any CPU
		{C64446B7-62CB-4937-B6CD-DA4E5220767E}.Debug|Any CPU.Build.0 = Debug|Any CPU
		{C64446B7-62CB-4937-B6CD-DA4E5220767E}.Release|Any CPU.ActiveCfg = Release|Any CPU
		{C64446B7-62CB-4937-B6CD-DA4E5220767E}.Release|Any CPU.Build.0 = Release|Any CPU
	EndGlobalSection
	GlobalSection(SolutionProperties) = preSolution
		HideSolutionNode = FALSE
	EndGlobalSection
	GlobalSection(ExtensibilityGlobals) = postSolution
		SolutionGuid = {BE710E06-EC43-4C7E-96CE-BC9404C46B4F}
	EndGlobalSection
EndGlobal
